
Microsoft Visual Studio Solution File, Format Version 12.00
Project("{2150E333-8FDC-42A3-9474-1A3956D46DE8}") = "Domain", "Domain", "{0B9B07B8-6B37-42CE-967C-E5B5B0FEEAC9}"
EndProject
Project("{2150E333-8FDC-42A3-9474-1A3956D46DE8}") = "Infrastructure", "Infrastructure", "{1DD21931-897A-47A5-931C-A2E899DC840C}"
EndProject
Project("{FAE04EC0-301F-11D3-BF4B-00C04F79EFBC}") = "Domain", "Domain\Domain.csproj", "{8A544E1B-BB7A-4423-A0B0-51328738E2F8}"
EndProject
Project("{FAE04EC0-301F-11D3-BF4B-00C04F79EFBC}") = "Infrastructure", "Infrastructure\Infrastructure.csproj", "{351E2080-CD23-420C-9938-F7E7BB05A7AB}"
EndProject
Project("{2150E333-8FDC-42A3-9474-1A3956D46DE8}") = "Application", "Application", "{F6E9F9A6-1449-4E68-86BD-E627E9AE0B73}"
EndProject
Project("{FAE04EC0-301F-11D3-BF4B-00C04F79EFBC}") = "Application", "Application\Application.csproj", "{C2D87B18-0416-482A-B884-D0AF70985668}"
EndProject
Project("{2150E333-8FDC-42A3-9474-1A3956D46DE8}") = "API", "API", "{5CA0297F-0171-4D32-9930-B4569514D542}"
EndProject
Project("{FAE04EC0-301F-11D3-BF4B-00C04F79EFBC}") = "API", "API\API.csproj", "{17EB7AD2-4B17-4B12-B515-F3BDD14E5CF5}"
EndProject
Project("{2150E333-8FDC-42A3-9474-1A3956D46DE8}") = "Tests", "Tests", "{58009054-A14C-45D4-987C-392B7E8C41A7}"
EndProject
Project("{FAE04EC0-301F-11D3-BF4B-00C04F79EFBC}") = "Domain.Tests", "Domain.Tests\Domain.Tests.csproj", "{40EF9789-161F-463C-B38D-B9DCF77D124C}"
EndProject
Project("{FAE04EC0-301F-11D3-BF4B-00C04F79EFBC}") = "Application.Tests", "Application.Tests\Application.Tests.csproj", "{455AD0E6-F150-4226-B53A-661F8B48B6E9}"
EndProject
Project("{2150E333-8FDC-42A3-9474-1A3956D46DE8}") = "Solution Items", "Solution Items", "{86205716-4F7A-499B-9EC1-9EA14B329984}"
	ProjectSection(SolutionItems) = preProject
		docker-compose.yml = docker-compose.yml
	EndProjectSection
EndProject
Global
	GlobalSection(SolutionConfigurationPlatforms) = preSolution
		Debug|Any CPU = Debug|Any CPU
		Release|Any CPU = Release|Any CPU
	EndGlobalSection
	GlobalSection(NestedProjects) = preSolution
		{8A544E1B-BB7A-4423-A0B0-51328738E2F8} = {0B9B07B8-6B37-42CE-967C-E5B5B0FEEAC9}
		{351E2080-CD23-420C-9938-F7E7BB05A7AB} = {1DD21931-897A-47A5-931C-A2E899DC840C}
		{C2D87B18-0416-482A-B884-D0AF70985668} = {F6E9F9A6-1449-4E68-86BD-E627E9AE0B73}
		{17EB7AD2-4B17-4B12-B515-F3BDD14E5CF5} = {5CA0297F-0171-4D32-9930-B4569514D542}
		{40EF9789-161F-463C-B38D-B9DCF77D124C} = {58009054-A14C-45D4-987C-392B7E8C41A7}
		{455AD0E6-F150-4226-B53A-661F8B48B6E9} = {58009054-A14C-45D4-987C-392B7E8C41A7}
	EndGlobalSection
	GlobalSection(ProjectConfigurationPlatforms) = postSolution
		{8A544E1B-BB7A-4423-A0B0-51328738E2F8}.Debug|Any CPU.ActiveCfg = Debug|Any CPU
		{8A544E1B-BB7A-4423-A0B0-51328738E2F8}.Debug|Any CPU.Build.0 = Debug|Any CPU
		{8A544E1B-BB7A-4423-A0B0-51328738E2F8}.Release|Any CPU.ActiveCfg = Release|Any CPU
		{8A544E1B-BB7A-4423-A0B0-51328738E2F8}.Release|Any CPU.Build.0 = Release|Any CPU
		{351E2080-CD23-420C-9938-F7E7BB05A7AB}.Debug|Any CPU.ActiveCfg = Debug|Any CPU
		{351E2080-CD23-420C-9938-F7E7BB05A7AB}.Debug|Any CPU.Build.0 = Debug|Any CPU
		{351E2080-CD23-420C-9938-F7E7BB05A7AB}.Release|Any CPU.ActiveCfg = Release|Any CPU
		{351E2080-CD23-420C-9938-F7E7BB05A7AB}.Release|Any CPU.Build.0 = Release|Any CPU
		{C2D87B18-0416-482A-B884-D0AF70985668}.Debug|Any CPU.ActiveCfg = Debug|Any CPU
		{C2D87B18-0416-482A-B884-D0AF70985668}.Debug|Any CPU.Build.0 = Debug|Any CPU
		{C2D87B18-0416-482A-B884-D0AF70985668}.Release|Any CPU.ActiveCfg = Release|Any CPU
		{C2D87B18-0416-482A-B884-D0AF70985668}.Release|Any CPU.Build.0 = Release|Any CPU
		{17EB7AD2-4B17-4B12-B515-F3BDD14E5CF5}.Debug|Any CPU.ActiveCfg = Debug|Any CPU
		{17EB7AD2-4B17-4B12-B515-F3BDD14E5CF5}.Debug|Any CPU.Build.0 = Debug|Any CPU
		{17EB7AD2-4B17-4B12-B515-F3BDD14E5CF5}.Release|Any CPU.ActiveCfg = Release|Any CPU
		{17EB7AD2-4B17-4B12-B515-F3BDD14E5CF5}.Release|Any CPU.Build.0 = Release|Any CPU
		{40EF9789-161F-463C-B38D-B9DCF77D124C}.Debug|Any CPU.ActiveCfg = Debug|Any CPU
		{40EF9789-161F-463C-B38D-B9DCF77D124C}.Debug|Any CPU.Build.0 = Debug|Any CPU
		{40EF9789-161F-463C-B38D-B9DCF77D124C}.Release|Any CPU.ActiveCfg = Release|Any CPU
		{40EF9789-161F-463C-B38D-B9DCF77D124C}.Release|Any CPU.Build.0 = Release|Any CPU
		{455AD0E6-F150-4226-B53A-661F8B48B6E9}.Debug|Any CPU.ActiveCfg = Debug|Any CPU
		{455AD0E6-F150-4226-B53A-661F8B48B6E9}.Debug|Any CPU.Build.0 = Debug|Any CPU
		{455AD0E6-F150-4226-B53A-661F8B48B6E9}.Release|Any CPU.ActiveCfg = Release|Any CPU
		{455AD0E6-F150-4226-B53A-661F8B48B6E9}.Release|Any CPU.Build.0 = Release|Any CPU
	EndGlobalSection
EndGlobal
